<?xml version="1.0" encoding="utf-8"?>
<Project ToolsVersion="4.0" xmlns="http://schemas.microsoft.com/developer/msbuild/2003">
  <ItemGroup>
    <Filter Include="Source Files">
      <UniqueIdentifier>{4FC737F1-C7A5-4376-A066-2A32D752A2FF}</UniqueIdentifier>
      <Extensions>cpp;c;cc;cxx;c++;cppm;ixx;def;odl;idl;hpj;bat;asm;asmx</Extensions>
    </Filter>
    <Filter Include="Header Files">
      <UniqueIdentifier>{93995380-89BD-4b04-88EB-625FBE52EBFB}</UniqueIdentifier>
      <Extensions>h;hh;hpp;hxx;h++;hm;inl;inc;ipp;xsd</Extensions>
    </Filter>
    <Filter Include="Resource Files">
      <UniqueIdentifier>{67DA6AB6-F800-4c08-8B7A-83BB121AAD01}</UniqueIdentifier>
      <Extensions>rc;ico;cur;bmp;dlg;rc2;rct;bin;rgs;gif;jpg;jpeg;jpe;resx;tiff;tif;png;wav;mfcribbon-ms</Extensions>
    </Filter>
  </ItemGroup>
  <ItemGroup>
    <ClCompile Include="collectibles\ICollectible.cpp">
      <Filter>Source Files</Filter>
    </ClCompile>
    <ClCompile Include="collectibles\PickUpManager.cpp">
      <Filter>Source Files</Filter>
    </ClCompile>
    <ClCompile Include="engine\main.cpp">
      <Filter>Source Files</Filter>
    </ClCompile>
    <ClCompile Include="engine\SoundManager.cpp">
      <Filter>Source Files</Filter>
    </ClCompile>
    <ClCompile Include="engine\Sprite.cpp">
      <Filter>Source Files</Filter>
    </ClCompile>
    <ClCompile Include="engine\TextureManager.cpp">
      <Filter>Source Files</Filter>
    </ClCompile>
    <ClCompile Include="game\Camera.cpp">
      <Filter>Source Files</Filter>
    </ClCompile>
    <ClCompile Include="game\Game.cpp">
      <Filter>Source Files</Filter>
    </ClCompile>
    <ClCompile Include="game\GameObject.cpp">
      <Filter>Source Files</Filter>
    </ClCompile>
    <ClCompile Include="level\Level.cpp">
      <Filter>Source Files</Filter>
    </ClCompile>
    <ClCompile Include="level\Platform.cpp">
      <Filter>Source Files</Filter>
    </ClCompile>
    <ClCompile Include="ui\HUD.cpp">
      <Filter>Source Files</Filter>
    </ClCompile>
    <ClCompile Include="ui\Menu.cpp">
      <Filter>Source Files</Filter>
    </ClCompile>
    <ClCompile Include="pch.cpp">
      <Filter>Source Files</Filter>
    </ClCompile>
    <ClCompile Include="engine\SpriteFactory.cpp">
      <Filter>Source Files</Filter>
    </ClCompile>
    <ClCompile Include="characters\BigMan.cpp">
      <Filter>Source Files</Filter>
    </ClCompile>
    <ClCompile Include="characters\Crow.cpp">
      <Filter>Source Files</Filter>
    </ClCompile>
    <ClCompile Include="characters\FlyingKnight.cpp">
      <Filter>Source Files</Filter>
    </ClCompile>
    <ClCompile Include="characters\GreenMonster.cpp">
      <Filter>Source Files</Filter>
    </ClCompile>
    <ClCompile Include="characters\Player.cpp">
      <Filter>Source Files</Filter>
    </ClCompile>
    <ClCompile Include="characters\RedArremer.cpp">
      <Filter>Source Files</Filter>
    </ClCompile>
    <ClCompile Include="characters\WoodyPig.cpp">
      <Filter>Source Files</Filter>
    </ClCompile>
    <ClCompile Include="collectibles\Necklace.cpp">
      <Filter>Source Files</Filter>
    </ClCompile>
    <ClCompile Include="weapons\Lance.cpp">
      <Filter>Source Files</Filter>
    </ClCompile>
    <ClCompile Include="weapons\Torch.cpp">
      <Filter>Source Files</Filter>
    </ClCompile>
    <ClCompile Include="level\Water.cpp">
      <Filter>Source Files</Filter>
    </ClCompile>
    <ClCompile Include="weapons\Dagger.cpp">
      <Filter>Source Files</Filter>
    </ClCompile>
    <ClCompile Include="engine\Clock.cpp">
      <Filter>Source Files</Filter>
    </ClCompile>
    <ClCompile Include="engine\Timer.cpp">
      <Filter>Source Files</Filter>
    </ClCompile>
    <ClCompile Include="level\KillZone.cpp">
      <Filter>Source Files</Filter>
    </ClCompile>
    <ClCompile Include="level\Tombstone.cpp">
      <Filter>Source Files</Filter>
    </ClCompile>
    <ClCompile Include="ui\UI.cpp">
      <Filter>Source Files</Filter>
    </ClCompile>
  </ItemGroup>
  <ItemGroup>
    <ClInclude Include="collectibles\ICollectible.h">
      <Filter>Header Files</Filter>
    </ClInclude>
    <ClInclude Include="collectibles\PickUpManager.h">
      <Filter>Header Files</Filter>
    </ClInclude>
    <ClInclude Include="engine\json.hpp">
      <Filter>Header Files</Filter>
    </ClInclude>
    <ClInclude Include="engine\SoundManager.h">
      <Filter>Header Files</Filter>
    </ClInclude>
    <ClInclude Include="engine\Sprite.h">
      <Filter>Header Files</Filter>
    </ClInclude>
    <ClInclude Include="engine\TextureManager.h">
      <Filter>Header Files</Filter>
    </ClInclude>
    <ClInclude Include="game\Camera.h">
      <Filter>Header Files</Filter>
    </ClInclude>
    <ClInclude Include="game\Game.h">
      <Filter>Header Files</Filter>
    </ClInclude>
    <ClInclude Include="game\GameObject.h">
      <Filter>Header Files</Filter>
    </ClInclude>
    <ClInclude Include="level\Level.h">
      <Filter>Header Files</Filter>
    </ClInclude>
    <ClInclude Include="level\Platform.h">
      <Filter>Header Files</Filter>
    </ClInclude>
    <ClInclude Include="ui\HUD.h">
      <Filter>Header Files</Filter>
    </ClInclude>
    <ClInclude Include="ui\Menu.h">
      <Filter>Header Files</Filter>
    </ClInclude>
    <ClInclude Include="pch.h">
      <Filter>Header Files</Filter>
    </ClInclude>
    <ClInclude Include="engine\SpriteFactory.h">
      <Filter>Header Files</Filter>
    </ClInclude>
    <ClInclude Include="characters\BigMan.h">
      <Filter>Header Files</Filter>
    </ClInclude>
    <ClInclude Include="characters\Crow.h">
      <Filter>Header Files</Filter>
    </ClInclude>
    <ClInclude Include="characters\FlyingKnight.h">
      <Filter>Header Files</Filter>
    </ClInclude>
    <ClInclude Include="characters\GreenMonster.h">
      <Filter>Header Files</Filter>
    </ClInclude>
    <ClInclude Include="characters\Player.h">
      <Filter>Header Files</Filter>
    </ClInclude>
    <ClInclude Include="characters\RedArremer.h">
      <Filter>Header Files</Filter>
    </ClInclude>
    <ClInclude Include="characters\WoodyPig.h">
      <Filter>Header Files</Filter>
    </ClInclude>
    <ClInclude Include="collectibles\Necklace.h">
      <Filter>Header Files</Filter>
    </ClInclude>
    <ClInclude Include="weapons\Lance.h">
      <Filter>Header Files</Filter>
    </ClInclude>
    <ClInclude Include="weapons\IThrowable.h">
      <Filter>Header Files</Filter>
    </ClInclude>
    <ClInclude Include="weapons\Torch.h">
      <Filter>Header Files</Filter>
    </ClInclude>
    <ClInclude Include="characters\IEnemy.h">
      <Filter>Header Files</Filter>
    </ClInclude>
    <ClInclude Include="game\Macros.h">
      <Filter>Header Files</Filter>
    </ClInclude>
    <ClInclude Include="level\Water.h">
      <Filter>Header Files</Filter>
    </ClInclude>
    <ClInclude Include="weapons\Dagger.h">
      <Filter>Header Files</Filter>
    </ClInclude>
    <ClInclude Include="engine\Clock.h">
      <Filter>Header Files</Filter>
    </ClInclude>
    <ClInclude Include="engine\Timer.h">
      <Filter>Header Files</Filter>
    </ClInclude>
    <ClInclude Include="level\KillZone.h">
      <Filter>Header Files</Filter>
    </ClInclude>
    <ClInclude Include="level\Tombstone.h">
      <Filter>Header Files</Filter>
    </ClInclude>
    <ClInclude Include="ui\UI.h">
      <Filter>Header Files</Filter>
    </ClInclude>
  </ItemGroup>
</Project>