<?xml version="1.0" encoding="utf-8"?>
<Project ToolsVersion="4.0" xmlns="http://schemas.microsoft.com/developer/msbuild/2003">
  <ItemGroup>
    <Filter Include="Source Files">
      <UniqueIdentifier>{4FC737F1-C7A5-4376-A066-2A32D752A2FF}</UniqueIdentifier>
      <Extensions>cpp;c;cc;cxx;c++;cppm;ixx;def;odl;idl;hpj;bat;asm;asmx</Extensions>
    </Filter>
    <Filter Include="Header Files">
      <UniqueIdentifier>{93995380-89BD-4b04-88EB-625FBE52EBFB}</UniqueIdentifier>
      <Extensions>h;hh;hpp;hxx;h++;hm;inl;inc;ipp;xsd</Extensions>
    </Filter>
    <Filter Include="Resource Files">
      <UniqueIdentifier>{67DA6AB6-F800-4c08-8B7A-83BB121AAD01}</UniqueIdentifier>
      <Extensions>rc;ico;cur;bmp;dlg;rc2;rct;bin;rgs;gif;jpg;jpeg;jpe;resx;tiff;tif;png;wav;mfcribbon-ms</Extensions>
    </Filter>
  </ItemGroup>
  <ItemGroup>
    <ClCompile Include="collectibles\ICollectible.cpp">
      <Filter>Source Files</Filter>
    </ClCompile>
    <ClCompile Include="engine\main.cpp">
      <Filter>Source Files</Filter>
    </ClCompile>
    <ClCompile Include="engine\SoundManager.cpp">
      <Filter>Source Files</Filter>
    </ClCompile>
    <ClCompile Include="engine\Sprite.cpp">
      <Filter>Source Files</Filter>
    </ClCompile>
    <ClCompile Include="engine\TextureManager.cpp">
      <Filter>Source Files</Filter>
    </ClCompile>
    <ClCompile Include="game\Camera.cpp">
      <Filter>Source Files</Filter>
    </ClCompile>
    <ClCompile Include="game\Game.cpp">
      <Filter>Source Files</Filter>
    </ClCompile>
    <ClCompile Include="game\GameObject.cpp">
      <Filter>Source Files</Filter>
    </ClCompile>
    <ClCompile Include="level\Level.cpp">
      <Filter>Source Files</Filter>
    </ClCompile>
    <ClCompile Include="level\Platform.cpp">
      <Filter>Source Files</Filter>
    </ClCompile>
    <ClCompile Include="ui\HUD.cpp">
      <Filter>Source Files</Filter>
    </ClCompile>
    <ClCompile Include="pch.cpp">
      <Filter>Source Files</Filter>
    </ClCompile>
    <ClCompile Include="engine\SpriteFactory.cpp">
      <Filter>Source Files</Filter>
    </ClCompile>
    <ClCompile Include="characters\Crow.cpp">
      <Filter>Source Files</Filter>
    </ClCompile>
    <ClCompile Include="characters\FlyingKnight.cpp">
      <Filter>Source Files</Filter>
    </ClCompile>
    <ClCompile Include="characters\GreenMonster.cpp">
      <Filter>Source Files</Filter>
    </ClCompile>
    <ClCompile Include="characters\Player.cpp">
      <Filter>Source Files</Filter>
    </ClCompile>
    <ClCompile Include="characters\RedArremer.cpp">
      <Filter>Source Files</Filter>
    </ClCompile>
    <ClCompile Include="characters\WoodyPig.cpp">
      <Filter>Source Files</Filter>
    </ClCompile>
    <ClCompile Include="collectibles\Necklace.cpp">
      <Filter>Source Files</Filter>
    </ClCompile>
    <ClCompile Include="throwables\Lance.cpp">
      <Filter>Source Files</Filter>
    </ClCompile>
    <ClCompile Include="throwables\Torch.cpp">
      <Filter>Source Files</Filter>
    </ClCompile>
    <ClCompile Include="level\Water.cpp">
      <Filter>Source Files</Filter>
    </ClCompile>
    <ClCompile Include="throwables\Dagger.cpp">
      <Filter>Source Files</Filter>
    </ClCompile>
    <ClCompile Include="engine\Clock.cpp">
      <Filter>Source Files</Filter>
    </ClCompile>
    <ClCompile Include="level\KillZone.cpp">
      <Filter>Source Files</Filter>
    </ClCompile>
    <ClCompile Include="level\Tombstone.cpp">
      <Filter>Source Files</Filter>
    </ClCompile>
    <ClCompile Include="ui\UI.cpp">
      <Filter>Source Files</Filter>
    </ClCompile>
    <ClCompile Include="characters\Unicorn.cpp">
      <Filter>Source Files</Filter>
    </ClCompile>
    <ClCompile Include="characters\IEnemy.cpp">
      <Filter>Source Files</Filter>
    </ClCompile>
    <ClCompile Include="characters\Magician.cpp">
      <Filter>Source Files</Filter>
    </ClCompile>
    <ClCompile Include="characters\Zombie.cpp">
      <Filter>Source Files</Filter>
    </ClCompile>
    <ClCompile Include="collectibles\Pot.cpp">
      <Filter>Source Files</Filter>
    </ClCompile>
    <ClCompile Include="collectibles\Coin.cpp">
      <Filter>Source Files</Filter>
    </ClCompile>
    <ClCompile Include="collectibles\Key.cpp">
      <Filter>Source Files</Filter>
    </ClCompile>
    <ClCompile Include="collectibles\MoneyBag.cpp">
      <Filter>Source Files</Filter>
    </ClCompile>
    <ClCompile Include="collectibles\Yashichi.cpp">
      <Filter>Source Files</Filter>
    </ClCompile>
    <ClCompile Include="engine\ITimer.cpp">
      <Filter>Source Files</Filter>
    </ClCompile>
    <ClCompile Include="level\Door.cpp">
      <Filter>Source Files</Filter>
    </ClCompile>
    <ClCompile Include="level\Ladder.cpp">
      <Filter>Source Files</Filter>
    </ClCompile>
    <ClCompile Include="throwables\Eyeball.cpp">
      <Filter>Source Files</Filter>
    </ClCompile>
    <ClCompile Include="throwables\Fireball.cpp">
      <Filter>Source Files</Filter>
    </ClCompile>
    <ClCompile Include="throwables\Spear.cpp">
      <Filter>Source Files</Filter>
    </ClCompile>
    <ClCompile Include="throwables\Spell.cpp">
      <Filter>Source Files</Filter>
    </ClCompile>
    <ClCompile Include="game\GameController.cpp">
      <Filter>Source Files</Filter>
    </ClCompile>
    <ClCompile Include="fx\ProjectileBlock.cpp">
      <Filter>Source Files</Filter>
    </ClCompile>
    <ClCompile Include="collectibles\Armor.cpp">
      <Filter>Source Files</Filter>
    </ClCompile>
    <ClCompile Include="collectibles\King.cpp">
      <Filter>Source Files</Filter>
    </ClCompile>
    <ClCompile Include="collectibles\Doll.cpp">
      <Filter>Source Files</Filter>
    </ClCompile>
    <ClCompile Include="fx\Fire.cpp">
      <Filter>Source Files</Filter>
    </ClCompile>
    <ClCompile Include="fx\FXManager.cpp">
      <Filter>Source Files</Filter>
    </ClCompile>
    <ClCompile Include="fx\ProjectileDeath.cpp">
      <Filter>Source Files</Filter>
    </ClCompile>
    <ClCompile Include="fx\Score.cpp">
      <Filter>Source Files</Filter>
    </ClCompile>
    <ClCompile Include="game\BootManager.cpp">
      <Filter>Source Files</Filter>
    </ClCompile>
    <ClCompile Include="game\CameraManager.cpp">
      <Filter>Source Files</Filter>
    </ClCompile>
    <ClCompile Include="game\CollectibleManager.cpp">
      <Filter>Source Files</Filter>
    </ClCompile>
    <ClCompile Include="game\CutsceneManager.cpp">
      <Filter>Source Files</Filter>
    </ClCompile>
    <ClCompile Include="game\EnemyManager.cpp">
      <Filter>Source Files</Filter>
    </ClCompile>
    <ClCompile Include="game\IManager.cpp">
      <Filter>Source Files</Filter>
    </ClCompile>
    <ClCompile Include="game\InputManager.cpp">
      <Filter>Source Files</Filter>
    </ClCompile>
    <ClCompile Include="game\LevelManager.cpp">
      <Filter>Source Files</Filter>
    </ClCompile>
    <ClCompile Include="game\MenuManager.cpp">
      <Filter>Source Files</Filter>
    </ClCompile>
    <ClCompile Include="game\PlayerManager.cpp">
      <Filter>Source Files</Filter>
    </ClCompile>
    <ClCompile Include="game\UIManager.cpp">
      <Filter>Source Files</Filter>
    </ClCompile>
    <ClCompile Include="level\colliders\ArmorCollider.cpp">
      <Filter>Source Files</Filter>
    </ClCompile>
    <ClCompile Include="level\colliders\BonusCollider.cpp">
      <Filter>Source Files</Filter>
    </ClCompile>
    <ClCompile Include="level\colliders\BossCollider.cpp">
      <Filter>Source Files</Filter>
    </ClCompile>
    <ClCompile Include="level\colliders\CheckpointCollider.cpp">
      <Filter>Source Files</Filter>
    </ClCompile>
    <ClCompile Include="level\colliders\DoorCollider.cpp">
      <Filter>Source Files</Filter>
    </ClCompile>
    <ClCompile Include="level\colliders\EndCollider.cpp">
      <Filter>Source Files</Filter>
    </ClCompile>
    <ClCompile Include="level\colliders\ICollider.cpp">
      <Filter>Source Files</Filter>
    </ClCompile>
    <ClCompile Include="level\colliders\KeyCollider.cpp">
      <Filter>Source Files</Filter>
    </ClCompile>
    <ClCompile Include="level\colliders\YashichiCollider.cpp">
      <Filter>Source Files</Filter>
    </ClCompile>
    <ClCompile Include="level\spawners\FlyingKnightSpawner.cpp">
      <Filter>Source Files</Filter>
    </ClCompile>
    <ClCompile Include="level\spawners\ISpawner.cpp">
      <Filter>Source Files</Filter>
    </ClCompile>
    <ClCompile Include="level\spawners\WoodyPigSpawner.cpp">
      <Filter>Source Files</Filter>
    </ClCompile>
    <ClCompile Include="level\spawners\ZombieSpawner.cpp">
      <Filter>Source Files</Filter>
    </ClCompile>
    <ClCompile Include="throwables\IThrowable.cpp">
      <Filter>Source Files</Filter>
    </ClCompile>
    <ClCompile Include="ui\CreditManager.cpp">
      <Filter>Source Files</Filter>
    </ClCompile>
    <ClCompile Include="ui\InitialDrawer.cpp">
      <Filter>Source Files</Filter>
    </ClCompile>
    <ClCompile Include="ui\RankingDrawer.cpp">
      <Filter>Source Files</Filter>
    </ClCompile>
    <ClCompile Include="ui\InitialSaver.cpp">
      <Filter>Source Files</Filter>
    </ClCompile>
    <ClCompile Include="ui\Map.cpp">
      <Filter>Source Files</Filter>
    </ClCompile>
    <ClCompile Include="ui\ScoreManager.cpp">
      <Filter>Source Files</Filter>
    </ClCompile>
  </ItemGroup>
  <ItemGroup>
    <ClInclude Include="collectibles\ICollectible.h">
      <Filter>Header Files</Filter>
    </ClInclude>
    <ClInclude Include="engine\json.hpp">
      <Filter>Header Files</Filter>
    </ClInclude>
    <ClInclude Include="engine\SoundManager.h">
      <Filter>Header Files</Filter>
    </ClInclude>
    <ClInclude Include="engine\Sprite.h">
      <Filter>Header Files</Filter>
    </ClInclude>
    <ClInclude Include="engine\TextureManager.h">
      <Filter>Header Files</Filter>
    </ClInclude>
    <ClInclude Include="game\Camera.h">
      <Filter>Header Files</Filter>
    </ClInclude>
    <ClInclude Include="game\Game.h">
      <Filter>Header Files</Filter>
    </ClInclude>
    <ClInclude Include="game\GameObject.h">
      <Filter>Header Files</Filter>
    </ClInclude>
    <ClInclude Include="level\Level.h">
      <Filter>Header Files</Filter>
    </ClInclude>
    <ClInclude Include="level\Platform.h">
      <Filter>Header Files</Filter>
    </ClInclude>
    <ClInclude Include="ui\HUD.h">
      <Filter>Header Files</Filter>
    </ClInclude>
    <ClInclude Include="pch.h">
      <Filter>Header Files</Filter>
    </ClInclude>
    <ClInclude Include="engine\SpriteFactory.h">
      <Filter>Header Files</Filter>
    </ClInclude>
    <ClInclude Include="characters\Crow.h">
      <Filter>Header Files</Filter>
    </ClInclude>
    <ClInclude Include="characters\FlyingKnight.h">
      <Filter>Header Files</Filter>
    </ClInclude>
    <ClInclude Include="characters\GreenMonster.h">
      <Filter>Header Files</Filter>
    </ClInclude>
    <ClInclude Include="characters\Player.h">
      <Filter>Header Files</Filter>
    </ClInclude>
    <ClInclude Include="characters\RedArremer.h">
      <Filter>Header Files</Filter>
    </ClInclude>
    <ClInclude Include="characters\WoodyPig.h">
      <Filter>Header Files</Filter>
    </ClInclude>
    <ClInclude Include="collectibles\Necklace.h">
      <Filter>Header Files</Filter>
    </ClInclude>
    <ClInclude Include="throwables\Lance.h">
      <Filter>Header Files</Filter>
    </ClInclude>
    <ClInclude Include="throwables\IThrowable.h">
      <Filter>Header Files</Filter>
    </ClInclude>
    <ClInclude Include="throwables\Torch.h">
      <Filter>Header Files</Filter>
    </ClInclude>
    <ClInclude Include="characters\IEnemy.h">
      <Filter>Header Files</Filter>
    </ClInclude>
    <ClInclude Include="game\Macros.h">
      <Filter>Header Files</Filter>
    </ClInclude>
    <ClInclude Include="level\Water.h">
      <Filter>Header Files</Filter>
    </ClInclude>
    <ClInclude Include="throwables\Dagger.h">
      <Filter>Header Files</Filter>
    </ClInclude>
    <ClInclude Include="engine\Clock.h">
      <Filter>Header Files</Filter>
    </ClInclude>
    <ClInclude Include="level\KillZone.h">
      <Filter>Header Files</Filter>
    </ClInclude>
    <ClInclude Include="level\Tombstone.h">
      <Filter>Header Files</Filter>
    </ClInclude>
    <ClInclude Include="ui\UI.h">
      <Filter>Header Files</Filter>
    </ClInclude>
    <ClInclude Include="characters\Unicorn.h">
      <Filter>Header Files</Filter>
    </ClInclude>
    <ClInclude Include="characters\Magician.h">
      <Filter>Header Files</Filter>
    </ClInclude>
    <ClInclude Include="characters\Zombie.h">
      <Filter>Header Files</Filter>
    </ClInclude>
    <ClInclude Include="collectibles\Pot.h">
      <Filter>Header Files</Filter>
    </ClInclude>
    <ClInclude Include="collectibles\Coin.h">
      <Filter>Header Files</Filter>
    </ClInclude>
    <ClInclude Include="collectibles\Key.h">
      <Filter>Header Files</Filter>
    </ClInclude>
    <ClInclude Include="collectibles\MoneyBag.h">
      <Filter>Header Files</Filter>
    </ClInclude>
    <ClInclude Include="collectibles\Yashichi.h">
      <Filter>Header Files</Filter>
    </ClInclude>
    <ClInclude Include="engine\ITimer.h">
      <Filter>Header Files</Filter>
    </ClInclude>
    <ClInclude Include="level\Door.h">
      <Filter>Header Files</Filter>
    </ClInclude>
    <ClInclude Include="level\IClimable.h">
      <Filter>Header Files</Filter>
    </ClInclude>
    <ClInclude Include="level\Ladder.h">
      <Filter>Header Files</Filter>
    </ClInclude>
    <ClInclude Include="throwables\Eyeball.h">
      <Filter>Header Files</Filter>
    </ClInclude>
    <ClInclude Include="throwables\Fireball.h">
      <Filter>Header Files</Filter>
    </ClInclude>
    <ClInclude Include="throwables\Spear.h">
      <Filter>Header Files</Filter>
    </ClInclude>
    <ClInclude Include="throwables\Spell.h">
      <Filter>Header Files</Filter>
    </ClInclude>
    <ClInclude Include="game\GameController.h">
      <Filter>Header Files</Filter>
    </ClInclude>
    <ClInclude Include="fx\ProjectileBlock.h">
      <Filter>Header Files</Filter>
    </ClInclude>
    <ClInclude Include="collectibles\Armor.h">
      <Filter>Header Files</Filter>
    </ClInclude>
    <ClInclude Include="collectibles\King.h">
      <Filter>Header Files</Filter>
    </ClInclude>
    <ClInclude Include="collectibles\Doll.h">
      <Filter>Header Files</Filter>
    </ClInclude>
    <ClInclude Include="fx\Fire.h">
      <Filter>Header Files</Filter>
    </ClInclude>
    <ClInclude Include="fx\FXManager.h">
      <Filter>Header Files</Filter>
    </ClInclude>
    <ClInclude Include="fx\ProjectileDeath.h">
      <Filter>Header Files</Filter>
    </ClInclude>
    <ClInclude Include="fx\Score.h">
      <Filter>Header Files</Filter>
    </ClInclude>
    <ClInclude Include="game\BootManager.h">
      <Filter>Header Files</Filter>
    </ClInclude>
    <ClInclude Include="game\CameraManager.h">
      <Filter>Header Files</Filter>
    </ClInclude>
    <ClInclude Include="game\CollectibleManager.h">
      <Filter>Header Files</Filter>
    </ClInclude>
    <ClInclude Include="game\CutsceneManager.h">
      <Filter>Header Files</Filter>
    </ClInclude>
    <ClInclude Include="game\EnemyManager.h">
      <Filter>Header Files</Filter>
    </ClInclude>
    <ClInclude Include="game\IManager.h">
      <Filter>Header Files</Filter>
    </ClInclude>
    <ClInclude Include="game\InputManager.h">
      <Filter>Header Files</Filter>
    </ClInclude>
    <ClInclude Include="game\LevelManager.h">
      <Filter>Header Files</Filter>
    </ClInclude>
    <ClInclude Include="game\MenuManager.h">
      <Filter>Header Files</Filter>
    </ClInclude>
    <ClInclude Include="game\PlayerManager.h">
      <Filter>Header Files</Filter>
    </ClInclude>
    <ClInclude Include="game\UIManager.h">
      <Filter>Header Files</Filter>
    </ClInclude>
    <ClInclude Include="level\colliders\ArmorCollider.h">
      <Filter>Header Files</Filter>
    </ClInclude>
    <ClInclude Include="level\colliders\BonusCollider.h">
      <Filter>Header Files</Filter>
    </ClInclude>
    <ClInclude Include="level\colliders\BossCollider.h">
      <Filter>Header Files</Filter>
    </ClInclude>
    <ClInclude Include="level\colliders\CheckpointCollider.h">
      <Filter>Header Files</Filter>
    </ClInclude>
    <ClInclude Include="level\colliders\DoorCollider.h">
      <Filter>Header Files</Filter>
    </ClInclude>
    <ClInclude Include="level\colliders\EndCollider.h">
      <Filter>Header Files</Filter>
    </ClInclude>
    <ClInclude Include="level\colliders\ICollider.h">
      <Filter>Header Files</Filter>
    </ClInclude>
    <ClInclude Include="level\colliders\KeyCollider.h">
      <Filter>Header Files</Filter>
    </ClInclude>
    <ClInclude Include="level\colliders\YashichiCollider.h">
      <Filter>Header Files</Filter>
    </ClInclude>
    <ClInclude Include="level\spawners\FlyingKnightSpawner.h">
      <Filter>Header Files</Filter>
    </ClInclude>
    <ClInclude Include="level\spawners\ISpawner.h">
      <Filter>Header Files</Filter>
    </ClInclude>
    <ClInclude Include="level\spawners\WoodyPigSpawner.h">
      <Filter>Header Files</Filter>
    </ClInclude>
    <ClInclude Include="level\spawners\ZombieSpawner.h">
      <Filter>Header Files</Filter>
    </ClInclude>
    <ClInclude Include="ui\CreditManager.h">
      <Filter>Header Files</Filter>
    </ClInclude>
    <ClInclude Include="ui\InitialDrawer.h">
      <Filter>Header Files</Filter>
    </ClInclude>
    <ClInclude Include="ui\RankingDrawer.h">
      <Filter>Header Files</Filter>
    </ClInclude>
    <ClInclude Include="ui\InitialSaver.h">
      <Filter>Header Files</Filter>
    </ClInclude>
    <ClInclude Include="ui\Map.h">
      <Filter>Header Files</Filter>
    </ClInclude>
    <ClInclude Include="ui\ScoreManager.h">
      <Filter>Header Files</Filter>
    </ClInclude>
  </ItemGroup>
</Project>